// !$*UTF8*$!
{
	archiveVersion = 1;
	classes = {
	};
	objectVersion = 50;
	objects = {

/* Begin PBXBuildFile section */
		0A5CF2B525E615E200523990 /* WidgetKit.framework in Frameworks */ = {isa = PBXBuildFile; fileRef = 0A5CF2B425E615E200523990 /* WidgetKit.framework */; };
		0A5CF2B725E615E200523990 /* SwiftUI.framework in Frameworks */ = {isa = PBXBuildFile; fileRef = 0A5CF2B625E615E200523990 /* SwiftUI.framework */; };
		0A5CF2BA25E615E200523990 /* MyWidget.swift in Sources */ = {isa = PBXBuildFile; fileRef = 0A5CF2B925E615E200523990 /* MyWidget.swift */; };
		0A5CF2BC25E615E200523990 /* Assets.xcassets in Resources */ = {isa = PBXBuildFile; fileRef = 0A5CF2BB25E615E200523990 /* Assets.xcassets */; };
		0A5CF2C025E615E200523990 /* MyWidgetExtension.appex in Embed App Extensions */ = {isa = PBXBuildFile; fileRef = 0A5CF2B225E615E200523990 /* MyWidgetExtension.appex */; settings = {ATTRIBUTES = (RemoveHeadersOnCopy, ); }; };
		0A840ECB25BC119B00FF9322 /* Tests_iOS.swift in Sources */ = {isa = PBXBuildFile; fileRef = 0A840ECA25BC119B00FF9322 /* Tests_iOS.swift */; };
		0A840ED625BC119B00FF9322 /* Tests_macOS.swift in Sources */ = {isa = PBXBuildFile; fileRef = 0A840ED525BC119B00FF9322 /* Tests_macOS.swift */; };
		0A840ED825BC119B00FF9322 /* MyAppApp.swift in Sources */ = {isa = PBXBuildFile; fileRef = 0A840EAF25BC119B00FF9322 /* MyAppApp.swift */; };
		0A840ED925BC119B00FF9322 /* MyAppApp.swift in Sources */ = {isa = PBXBuildFile; fileRef = 0A840EAF25BC119B00FF9322 /* MyAppApp.swift */; };
		0A840EDA25BC119B00FF9322 /* ContentView.swift in Sources */ = {isa = PBXBuildFile; fileRef = 0A840EB025BC119B00FF9322 /* ContentView.swift */; };
		0A840EDB25BC119B00FF9322 /* ContentView.swift in Sources */ = {isa = PBXBuildFile; fileRef = 0A840EB025BC119B00FF9322 /* ContentView.swift */; };
		0A840EDC25BC119B00FF9322 /* Assets.xcassets in Resources */ = {isa = PBXBuildFile; fileRef = 0A840EB125BC119B00FF9322 /* Assets.xcassets */; };
		0A840EDD25BC119B00FF9322 /* Assets.xcassets in Resources */ = {isa = PBXBuildFile; fileRef = 0A840EB125BC119B00FF9322 /* Assets.xcassets */; };
		0A970E1225E6230D00CE8112 /* API.swift in Sources */ = {isa = PBXBuildFile; fileRef = 0A970E1125E6230D00CE8112 /* API.swift */; };
		0A9D986825E78086001683D4 /* MyProvider.swift in Sources */ = {isa = PBXBuildFile; fileRef = 0A9D986725E78086001683D4 /* MyProvider.swift */; };
		0A9D987425E780BA001683D4 /* MyEntry.swift in Sources */ = {isa = PBXBuildFile; fileRef = 0A9D987325E780BA001683D4 /* MyEntry.swift */; };
		0A9D987B25E788BE001683D4 /* MyView.swift in Sources */ = {isa = PBXBuildFile; fileRef = 0A9D987A25E788BE001683D4 /* MyView.swift */; };
		0AA9C5E925E8D08700201E86 /* ImageLoader.swift in Sources */ = {isa = PBXBuildFile; fileRef = 0AA9C5E825E8D08700201E86 /* ImageLoader.swift */; };
		0AA9C5F525E8DFBA00201E86 /* URLImage.swift in Sources */ = {isa = PBXBuildFile; fileRef = 0AA9C5F425E8DFBA00201E86 /* URLImage.swift */; };
		0AA9C5FC25E9445200201E86 /* Utils.swift in Sources */ = {isa = PBXBuildFile; fileRef = 0AA9C5FB25E9445200201E86 /* Utils.swift */; };
/* End PBXBuildFile section */

/* Begin PBXContainerItemProxy section */
		0A5CF2BE25E615E200523990 /* PBXContainerItemProxy */ = {
			isa = PBXContainerItemProxy;
			containerPortal = 0A840EAA25BC119B00FF9322 /* Project object */;
			proxyType = 1;
			remoteGlobalIDString = 0A5CF2B125E615E200523990;
			remoteInfo = MyWidgetExtension;
		};
		0A840EC725BC119B00FF9322 /* PBXContainerItemProxy */ = {
			isa = PBXContainerItemProxy;
			containerPortal = 0A840EAA25BC119B00FF9322 /* Project object */;
			proxyType = 1;
			remoteGlobalIDString = 0A840EB525BC119B00FF9322;
			remoteInfo = "MyApp (iOS)";
		};
		0A840ED225BC119B00FF9322 /* PBXContainerItemProxy */ = {
			isa = PBXContainerItemProxy;
			containerPortal = 0A840EAA25BC119B00FF9322 /* Project object */;
			proxyType = 1;
			remoteGlobalIDString = 0A840EBD25BC119B00FF9322;
			remoteInfo = "MyApp (macOS)";
		};
/* End PBXContainerItemProxy section */

/* Begin PBXCopyFilesBuildPhase section */
		0A5CF2C125E615E200523990 /* Embed App Extensions */ = {
			isa = PBXCopyFilesBuildPhase;
			buildActionMask = 2147483647;
			dstPath = "";
			dstSubfolderSpec = 13;
			files = (
				0A5CF2C025E615E200523990 /* MyWidgetExtension.appex in Embed App Extensions */,
			);
			name = "Embed App Extensions";
			runOnlyForDeploymentPostprocessing = 0;
		};
/* End PBXCopyFilesBuildPhase section */

/* Begin PBXFileReference section */
		0A5CF2B225E615E200523990 /* MyWidgetExtension.appex */ = {isa = PBXFileReference; explicitFileType = "wrapper.app-extension"; includeInIndex = 0; path = MyWidgetExtension.appex; sourceTree = BUILT_PRODUCTS_DIR; };
		0A5CF2B425E615E200523990 /* WidgetKit.framework */ = {isa = PBXFileReference; lastKnownFileType = wrapper.framework; name = WidgetKit.framework; path = System/Library/Frameworks/WidgetKit.framework; sourceTree = SDKROOT; };
		0A5CF2B625E615E200523990 /* SwiftUI.framework */ = {isa = PBXFileReference; lastKnownFileType = wrapper.framework; name = SwiftUI.framework; path = System/Library/Frameworks/SwiftUI.framework; sourceTree = SDKROOT; };
		0A5CF2B925E615E200523990 /* MyWidget.swift */ = {isa = PBXFileReference; lastKnownFileType = sourcecode.swift; path = MyWidget.swift; sourceTree = "<group>"; };
		0A5CF2BB25E615E200523990 /* Assets.xcassets */ = {isa = PBXFileReference; lastKnownFileType = folder.assetcatalog; path = Assets.xcassets; sourceTree = "<group>"; };
		0A5CF2BD25E615E200523990 /* Info.plist */ = {isa = PBXFileReference; lastKnownFileType = text.plist.xml; path = Info.plist; sourceTree = "<group>"; };
		0A840EAF25BC119B00FF9322 /* MyAppApp.swift */ = {isa = PBXFileReference; lastKnownFileType = sourcecode.swift; path = MyAppApp.swift; sourceTree = "<group>"; };
		0A840EB025BC119B00FF9322 /* ContentView.swift */ = {isa = PBXFileReference; lastKnownFileType = sourcecode.swift; path = ContentView.swift; sourceTree = "<group>"; };
		0A840EB125BC119B00FF9322 /* Assets.xcassets */ = {isa = PBXFileReference; lastKnownFileType = folder.assetcatalog; path = Assets.xcassets; sourceTree = "<group>"; };
		0A840EB625BC119B00FF9322 /* MyApp.app */ = {isa = PBXFileReference; explicitFileType = wrapper.application; includeInIndex = 0; path = MyApp.app; sourceTree = BUILT_PRODUCTS_DIR; };
		0A840EB925BC119B00FF9322 /* Info.plist */ = {isa = PBXFileReference; lastKnownFileType = text.plist.xml; path = Info.plist; sourceTree = "<group>"; };
		0A840EBE25BC119B00FF9322 /* MyApp.app */ = {isa = PBXFileReference; explicitFileType = wrapper.application; includeInIndex = 0; path = MyApp.app; sourceTree = BUILT_PRODUCTS_DIR; };
		0A840EC025BC119B00FF9322 /* Info.plist */ = {isa = PBXFileReference; lastKnownFileType = text.plist.xml; path = Info.plist; sourceTree = "<group>"; };
		0A840EC125BC119B00FF9322 /* macOS.entitlements */ = {isa = PBXFileReference; lastKnownFileType = text.plist.entitlements; path = macOS.entitlements; sourceTree = "<group>"; };
		0A840EC625BC119B00FF9322 /* Tests iOS.xctest */ = {isa = PBXFileReference; explicitFileType = wrapper.cfbundle; includeInIndex = 0; path = "Tests iOS.xctest"; sourceTree = BUILT_PRODUCTS_DIR; };
		0A840ECA25BC119B00FF9322 /* Tests_iOS.swift */ = {isa = PBXFileReference; lastKnownFileType = sourcecode.swift; path = Tests_iOS.swift; sourceTree = "<group>"; };
		0A840ECC25BC119B00FF9322 /* Info.plist */ = {isa = PBXFileReference; lastKnownFileType = text.plist.xml; path = Info.plist; sourceTree = "<group>"; };
		0A840ED125BC119B00FF9322 /* Tests macOS.xctest */ = {isa = PBXFileReference; explicitFileType = wrapper.cfbundle; includeInIndex = 0; path = "Tests macOS.xctest"; sourceTree = BUILT_PRODUCTS_DIR; };
		0A840ED525BC119B00FF9322 /* Tests_macOS.swift */ = {isa = PBXFileReference; lastKnownFileType = sourcecode.swift; path = Tests_macOS.swift; sourceTree = "<group>"; };
		0A840ED725BC119B00FF9322 /* Info.plist */ = {isa = PBXFileReference; lastKnownFileType = text.plist.xml; path = Info.plist; sourceTree = "<group>"; };
		0A970E1125E6230D00CE8112 /* API.swift */ = {isa = PBXFileReference; lastKnownFileType = sourcecode.swift; path = API.swift; sourceTree = "<group>"; };
		0A9D986725E78086001683D4 /* MyProvider.swift */ = {isa = PBXFileReference; lastKnownFileType = sourcecode.swift; path = MyProvider.swift; sourceTree = "<group>"; };
		0A9D987325E780BA001683D4 /* MyEntry.swift */ = {isa = PBXFileReference; lastKnownFileType = sourcecode.swift; path = MyEntry.swift; sourceTree = "<group>"; };
		0A9D987A25E788BE001683D4 /* MyView.swift */ = {isa = PBXFileReference; lastKnownFileType = sourcecode.swift; path = MyView.swift; sourceTree = "<group>"; };
		0AA9C5E825E8D08700201E86 /* ImageLoader.swift */ = {isa = PBXFileReference; lastKnownFileType = sourcecode.swift; path = ImageLoader.swift; sourceTree = "<group>"; };
		0AA9C5F425E8DFBA00201E86 /* URLImage.swift */ = {isa = PBXFileReference; lastKnownFileType = sourcecode.swift; path = URLImage.swift; sourceTree = "<group>"; };
		0AA9C5FB25E9445200201E86 /* Utils.swift */ = {isa = PBXFileReference; lastKnownFileType = sourcecode.swift; path = Utils.swift; sourceTree = "<group>"; };
/* End PBXFileReference section */

/* Begin PBXFrameworksBuildPhase section */
		0A5CF2AF25E615E200523990 /* Frameworks */ = {
			isa = PBXFrameworksBuildPhase;
			buildActionMask = 2147483647;
			files = (
				0A5CF2B725E615E200523990 /* SwiftUI.framework in Frameworks */,
				0A5CF2B525E615E200523990 /* WidgetKit.framework in Frameworks */,
			);
			runOnlyForDeploymentPostprocessing = 0;
		};
		0A840EB325BC119B00FF9322 /* Frameworks */ = {
			isa = PBXFrameworksBuildPhase;
			buildActionMask = 2147483647;
			files = (
			);
			runOnlyForDeploymentPostprocessing = 0;
		};
		0A840EBB25BC119B00FF9322 /* Frameworks */ = {
			isa = PBXFrameworksBuildPhase;
			buildActionMask = 2147483647;
			files = (
			);
			runOnlyForDeploymentPostprocessing = 0;
		};
		0A840EC325BC119B00FF9322 /* Frameworks */ = {
			isa = PBXFrameworksBuildPhase;
			buildActionMask = 2147483647;
			files = (
			);
			runOnlyForDeploymentPostprocessing = 0;
		};
		0A840ECE25BC119B00FF9322 /* Frameworks */ = {
			isa = PBXFrameworksBuildPhase;
			buildActionMask = 2147483647;
			files = (
			);
			runOnlyForDeploymentPostprocessing = 0;
		};
/* End PBXFrameworksBuildPhase section */

/* Begin PBXGroup section */
		0A5CF2B325E615E200523990 /* Frameworks */ = {
			isa = PBXGroup;
			children = (
				0A5CF2B425E615E200523990 /* WidgetKit.framework */,
				0A5CF2B625E615E200523990 /* SwiftUI.framework */,
			);
			name = Frameworks;
			sourceTree = "<group>";
		};
		0A5CF2B825E615E200523990 /* MyWidget */ = {
			isa = PBXGroup;
			children = (
				0AA9C5E725E8D07700201E86 /* Utils */,
				0A9D986625E7805B001683D4 /* Provider */,
				0A9D986525E78054001683D4 /* View */,
				0A9D986425E78048001683D4 /* Entry */,
				0A5CF2B925E615E200523990 /* MyWidget.swift */,
				0A5CF2BB25E615E200523990 /* Assets.xcassets */,
				0A5CF2BD25E615E200523990 /* Info.plist */,
				0A970E1125E6230D00CE8112 /* API.swift */,
			);
			path = MyWidget;
			sourceTree = "<group>";
		};
		0A840EA925BC119B00FF9322 = {
			isa = PBXGroup;
			children = (
				0A840EAE25BC119B00FF9322 /* Shared */,
				0A840EB825BC119B00FF9322 /* iOS */,
				0A840EBF25BC119B00FF9322 /* macOS */,
				0A840EC925BC119B00FF9322 /* Tests iOS */,
				0A840ED425BC119B00FF9322 /* Tests macOS */,
				0A5CF2B825E615E200523990 /* MyWidget */,
				0A5CF2B325E615E200523990 /* Frameworks */,
				0A840EB725BC119B00FF9322 /* Products */,
			);
			sourceTree = "<group>";
		};
		0A840EAE25BC119B00FF9322 /* Shared */ = {
			isa = PBXGroup;
			children = (
				0A840EAF25BC119B00FF9322 /* MyAppApp.swift */,
				0A840EB025BC119B00FF9322 /* ContentView.swift */,
				0A840EB125BC119B00FF9322 /* Assets.xcassets */,
			);
			path = Shared;
			sourceTree = "<group>";
		};
		0A840EB725BC119B00FF9322 /* Products */ = {
			isa = PBXGroup;
			children = (
				0A840EB625BC119B00FF9322 /* MyApp.app */,
				0A840EBE25BC119B00FF9322 /* MyApp.app */,
				0A840EC625BC119B00FF9322 /* Tests iOS.xctest */,
				0A840ED125BC119B00FF9322 /* Tests macOS.xctest */,
				0A5CF2B225E615E200523990 /* MyWidgetExtension.appex */,
			);
			name = Products;
			sourceTree = "<group>";
		};
		0A840EB825BC119B00FF9322 /* iOS */ = {
			isa = PBXGroup;
			children = (
				0A840EB925BC119B00FF9322 /* Info.plist */,
			);
			path = iOS;
			sourceTree = "<group>";
		};
		0A840EBF25BC119B00FF9322 /* macOS */ = {
			isa = PBXGroup;
			children = (
				0A840EC025BC119B00FF9322 /* Info.plist */,
				0A840EC125BC119B00FF9322 /* macOS.entitlements */,
			);
			path = macOS;
			sourceTree = "<group>";
		};
		0A840EC925BC119B00FF9322 /* Tests iOS */ = {
			isa = PBXGroup;
			children = (
				0A840ECA25BC119B00FF9322 /* Tests_iOS.swift */,
				0A840ECC25BC119B00FF9322 /* Info.plist */,
			);
			path = "Tests iOS";
			sourceTree = "<group>";
		};
		0A840ED425BC119B00FF9322 /* Tests macOS */ = {
			isa = PBXGroup;
			children = (
				0A840ED525BC119B00FF9322 /* Tests_macOS.swift */,
				0A840ED725BC119B00FF9322 /* Info.plist */,
			);
			path = "Tests macOS";
			sourceTree = "<group>";
		};
		0A9D986425E78048001683D4 /* Entry */ = {
			isa = PBXGroup;
			children = (
				0A9D987325E780BA001683D4 /* MyEntry.swift */,
			);
			path = Entry;
			sourceTree = "<group>";
		};
		0A9D986525E78054001683D4 /* View */ = {
			isa = PBXGroup;
			children = (
				0A9D987A25E788BE001683D4 /* MyView.swift */,
				0AA9C5F425E8DFBA00201E86 /* URLImage.swift */,
			);
			path = View;
			sourceTree = "<group>";
		};
		0A9D986625E7805B001683D4 /* Provider */ = {
			isa = PBXGroup;
			children = (
				0A9D986725E78086001683D4 /* MyProvider.swift */,
			);
			path = Provider;
			sourceTree = "<group>";
		};
		0AA9C5E725E8D07700201E86 /* Utils */ = {
			isa = PBXGroup;
			children = (
				0AA9C5E825E8D08700201E86 /* ImageLoader.swift */,
				0AA9C5FB25E9445200201E86 /* Utils.swift */,
			);
			path = Utils;
			sourceTree = "<group>";
		};
/* End PBXGroup section */

/* Begin PBXNativeTarget section */
		0A5CF2B125E615E200523990 /* MyWidgetExtension */ = {
			isa = PBXNativeTarget;
			buildConfigurationList = 0A5CF2C425E615E200523990 /* Build configuration list for PBXNativeTarget "MyWidgetExtension" */;
			buildPhases = (
				0A5CF2AE25E615E200523990 /* Sources */,
				0A5CF2AF25E615E200523990 /* Frameworks */,
				0A5CF2B025E615E200523990 /* Resources */,
			);
			buildRules = (
			);
			dependencies = (
			);
			name = MyWidgetExtension;
			productName = MyWidgetExtension;
			productReference = 0A5CF2B225E615E200523990 /* MyWidgetExtension.appex */;
			productType = "com.apple.product-type.app-extension";
		};
		0A840EB525BC119B00FF9322 /* MyApp (iOS) */ = {
			isa = PBXNativeTarget;
			buildConfigurationList = 0A840EE025BC119B00FF9322 /* Build configuration list for PBXNativeTarget "MyApp (iOS)" */;
			buildPhases = (
				0A840EB225BC119B00FF9322 /* Sources */,
				0A840EB325BC119B00FF9322 /* Frameworks */,
				0A840EB425BC119B00FF9322 /* Resources */,
				0A5CF2C125E615E200523990 /* Embed App Extensions */,
			);
			buildRules = (
			);
			dependencies = (
				0A5CF2BF25E615E200523990 /* PBXTargetDependency */,
			);
			name = "MyApp (iOS)";
			productName = "MyApp (iOS)";
			productReference = 0A840EB625BC119B00FF9322 /* MyApp.app */;
			productType = "com.apple.product-type.application";
		};
		0A840EBD25BC119B00FF9322 /* MyApp (macOS) */ = {
			isa = PBXNativeTarget;
			buildConfigurationList = 0A840EE325BC119B00FF9322 /* Build configuration list for PBXNativeTarget "MyApp (macOS)" */;
			buildPhases = (
				0A840EBA25BC119B00FF9322 /* Sources */,
				0A840EBB25BC119B00FF9322 /* Frameworks */,
				0A840EBC25BC119B00FF9322 /* Resources */,
			);
			buildRules = (
			);
			dependencies = (
			);
			name = "MyApp (macOS)";
			productName = "MyApp (macOS)";
			productReference = 0A840EBE25BC119B00FF9322 /* MyApp.app */;
			productType = "com.apple.product-type.application";
		};
		0A840EC525BC119B00FF9322 /* Tests iOS */ = {
			isa = PBXNativeTarget;
			buildConfigurationList = 0A840EE625BC119B00FF9322 /* Build configuration list for PBXNativeTarget "Tests iOS" */;
			buildPhases = (
				0A840EC225BC119B00FF9322 /* Sources */,
				0A840EC325BC119B00FF9322 /* Frameworks */,
				0A840EC425BC119B00FF9322 /* Resources */,
			);
			buildRules = (
			);
			dependencies = (
				0A840EC825BC119B00FF9322 /* PBXTargetDependency */,
			);
			name = "Tests iOS";
			productName = "Tests iOS";
			productReference = 0A840EC625BC119B00FF9322 /* Tests iOS.xctest */;
			productType = "com.apple.product-type.bundle.ui-testing";
		};
		0A840ED025BC119B00FF9322 /* Tests macOS */ = {
			isa = PBXNativeTarget;
			buildConfigurationList = 0A840EE925BC119B00FF9322 /* Build configuration list for PBXNativeTarget "Tests macOS" */;
			buildPhases = (
				0A840ECD25BC119B00FF9322 /* Sources */,
				0A840ECE25BC119B00FF9322 /* Frameworks */,
				0A840ECF25BC119B00FF9322 /* Resources */,
			);
			buildRules = (
			);
			dependencies = (
				0A840ED325BC119B00FF9322 /* PBXTargetDependency */,
			);
			name = "Tests macOS";
			productName = "Tests macOS";
			productReference = 0A840ED125BC119B00FF9322 /* Tests macOS.xctest */;
			productType = "com.apple.product-type.bundle.ui-testing";
		};
/* End PBXNativeTarget section */

/* Begin PBXProject section */
		0A840EAA25BC119B00FF9322 /* Project object */ = {
			isa = PBXProject;
			attributes = {
				LastSwiftUpdateCheck = 1240;
				LastUpgradeCheck = 1230;
				TargetAttributes = {
					0A5CF2B125E615E200523990 = {
						CreatedOnToolsVersion = 12.4;
					};
					0A840EB525BC119B00FF9322 = {
						CreatedOnToolsVersion = 12.3;
					};
					0A840EBD25BC119B00FF9322 = {
						CreatedOnToolsVersion = 12.3;
					};
					0A840EC525BC119B00FF9322 = {
						CreatedOnToolsVersion = 12.3;
						TestTargetID = 0A840EB525BC119B00FF9322;
					};
					0A840ED025BC119B00FF9322 = {
						CreatedOnToolsVersion = 12.3;
						TestTargetID = 0A840EBD25BC119B00FF9322;
					};
				};
			};
			buildConfigurationList = 0A840EAD25BC119B00FF9322 /* Build configuration list for PBXProject "MyApp" */;
			compatibilityVersion = "Xcode 9.3";
			developmentRegion = en;
			hasScannedForEncodings = 0;
			knownRegions = (
				en,
				Base,
			);
			mainGroup = 0A840EA925BC119B00FF9322;
			productRefGroup = 0A840EB725BC119B00FF9322 /* Products */;
			projectDirPath = "";
			projectRoot = "";
			targets = (
				0A840EB525BC119B00FF9322 /* MyApp (iOS) */,
				0A840EBD25BC119B00FF9322 /* MyApp (macOS) */,
				0A840EC525BC119B00FF9322 /* Tests iOS */,
				0A840ED025BC119B00FF9322 /* Tests macOS */,
				0A5CF2B125E615E200523990 /* MyWidgetExtension */,
			);
		};
/* End PBXProject section */

/* Begin PBXResourcesBuildPhase section */
		0A5CF2B025E615E200523990 /* Resources */ = {
			isa = PBXResourcesBuildPhase;
			buildActionMask = 2147483647;
			files = (
				0A5CF2BC25E615E200523990 /* Assets.xcassets in Resources */,
			);
			runOnlyForDeploymentPostprocessing = 0;
		};
		0A840EB425BC119B00FF9322 /* Resources */ = {
			isa = PBXResourcesBuildPhase;
			buildActionMask = 2147483647;
			files = (
				0A840EDC25BC119B00FF9322 /* Assets.xcassets in Resources */,
			);
			runOnlyForDeploymentPostprocessing = 0;
		};
		0A840EBC25BC119B00FF9322 /* Resources */ = {
			isa = PBXResourcesBuildPhase;
			buildActionMask = 2147483647;
			files = (
				0A840EDD25BC119B00FF9322 /* Assets.xcassets in Resources */,
			);
			runOnlyForDeploymentPostprocessing = 0;
		};
		0A840EC425BC119B00FF9322 /* Resources */ = {
			isa = PBXResourcesBuildPhase;
			buildActionMask = 2147483647;
			files = (
			);
			runOnlyForDeploymentPostprocessing = 0;
		};
		0A840ECF25BC119B00FF9322 /* Resources */ = {
			isa = PBXResourcesBuildPhase;
			buildActionMask = 2147483647;
			files = (
			);
			runOnlyForDeploymentPostprocessing = 0;
		};
/* End PBXResourcesBuildPhase section */

/* Begin PBXSourcesBuildPhase section */
		0A5CF2AE25E615E200523990 /* Sources */ = {
			isa = PBXSourcesBuildPhase;
			buildActionMask = 2147483647;
			files = (
				0AA9C5F525E8DFBA00201E86 /* URLImage.swift in Sources */,
				0A9D987425E780BA001683D4 /* MyEntry.swift in Sources */,
				0A970E1225E6230D00CE8112 /* API.swift in Sources */,
				0AA9C5E925E8D08700201E86 /* ImageLoader.swift in Sources */,
				0A9D987B25E788BE001683D4 /* MyView.swift in Sources */,
				0A5CF2BA25E615E200523990 /* MyWidget.swift in Sources */,
				0A9D986825E78086001683D4 /* MyProvider.swift in Sources */,
				0AA9C5FC25E9445200201E86 /* Utils.swift in Sources */,
			);
			runOnlyForDeploymentPostprocessing = 0;
		};
		0A840EB225BC119B00FF9322 /* Sources */ = {
			isa = PBXSourcesBuildPhase;
			buildActionMask = 2147483647;
			files = (
				0A840EDA25BC119B00FF9322 /* ContentView.swift in Sources */,
				0A840ED825BC119B00FF9322 /* MyAppApp.swift in Sources */,
			);
			runOnlyForDeploymentPostprocessing = 0;
		};
		0A840EBA25BC119B00FF9322 /* Sources */ = {
			isa = PBXSourcesBuildPhase;
			buildActionMask = 2147483647;
			files = (
				0A840EDB25BC119B00FF9322 /* ContentView.swift in Sources */,
				0A840ED925BC119B00FF9322 /* MyAppApp.swift in Sources */,
			);
			runOnlyForDeploymentPostprocessing = 0;
		};
		0A840EC225BC119B00FF9322 /* Sources */ = {
			isa = PBXSourcesBuildPhase;
			buildActionMask = 2147483647;
			files = (
				0A840ECB25BC119B00FF9322 /* Tests_iOS.swift in Sources */,
			);
			runOnlyForDeploymentPostprocessing = 0;
		};
		0A840ECD25BC119B00FF9322 /* Sources */ = {
			isa = PBXSourcesBuildPhase;
			buildActionMask = 2147483647;
			files = (
				0A840ED625BC119B00FF9322 /* Tests_macOS.swift in Sources */,
			);
			runOnlyForDeploymentPostprocessing = 0;
		};
/* End PBXSourcesBuildPhase section */

/* Begin PBXTargetDependency section */
		0A5CF2BF25E615E200523990 /* PBXTargetDependency */ = {
			isa = PBXTargetDependency;
			target = 0A5CF2B125E615E200523990 /* MyWidgetExtension */;
			targetProxy = 0A5CF2BE25E615E200523990 /* PBXContainerItemProxy */;
		};
		0A840EC825BC119B00FF9322 /* PBXTargetDependency */ = {
			isa = PBXTargetDependency;
			target = 0A840EB525BC119B00FF9322 /* MyApp (iOS) */;
			targetProxy = 0A840EC725BC119B00FF9322 /* PBXContainerItemProxy */;
		};
		0A840ED325BC119B00FF9322 /* PBXTargetDependency */ = {
			isa = PBXTargetDependency;
			target = 0A840EBD25BC119B00FF9322 /* MyApp (macOS) */;
			targetProxy = 0A840ED225BC119B00FF9322 /* PBXContainerItemProxy */;
		};
/* End PBXTargetDependency section */

/* Begin XCBuildConfiguration section */
		0A5CF2C225E615E200523990 /* Debug */ = {
			isa = XCBuildConfiguration;
			buildSettings = {
				ASSETCATALOG_COMPILER_GLOBAL_ACCENT_COLOR_NAME = AccentColor;
				ASSETCATALOG_COMPILER_WIDGET_BACKGROUND_COLOR_NAME = WidgetBackground;
				CODE_SIGN_STYLE = Automatic;
				DEVELOPMENT_TEAM = D638RKMLF5;
				INFOPLIST_FILE = MyWidget/Info.plist;
				IPHONEOS_DEPLOYMENT_TARGET = 14.4;
				LD_RUNPATH_SEARCH_PATHS = (
					"$(inherited)",
					"@executable_path/Frameworks",
					"@executable_path/../../Frameworks",
				);
				PRODUCT_BUNDLE_IDENTIFIER = jack.MyApp.MyWidget;
				PRODUCT_NAME = "$(TARGET_NAME)";
				SDKROOT = iphoneos;
				SKIP_INSTALL = YES;
				SWIFT_VERSION = 5.0;
				TARGETED_DEVICE_FAMILY = "1,2";
			};
			name = Debug;
		};
		0A5CF2C325E615E200523990 /* Release */ = {
			isa = XCBuildConfiguration;
			buildSettings = {
				ASSETCATALOG_COMPILER_GLOBAL_ACCENT_COLOR_NAME = AccentColor;
				ASSETCATALOG_COMPILER_WIDGET_BACKGROUND_COLOR_NAME = WidgetBackground;
				CODE_SIGN_STYLE = Automatic;
				DEVELOPMENT_TEAM = D638RKMLF5;
				INFOPLIST_FILE = MyWidget/Info.plist;
				IPHONEOS_DEPLOYMENT_TARGET = 14.4;
				LD_RUNPATH_SEARCH_PATHS = (
					"$(inherited)",
					"@executable_path/Frameworks",
					"@executable_path/../../Frameworks",
				);
				PRODUCT_BUNDLE_IDENTIFIER = jack.MyApp.MyWidget;
				PRODUCT_NAME = "$(TARGET_NAME)";
				SDKROOT = iphoneos;
				SKIP_INSTALL = YES;
				SWIFT_VERSION = 5.0;
				TARGETED_DEVICE_FAMILY = "1,2";
				VALIDATE_PRODUCT = YES;
			};
			name = Release;
		};
		0A840EDE25BC119B00FF9322 /* Debug */ = {
			isa = XCBuildConfiguration;
			buildSettings = {
				ALWAYS_SEARCH_USER_PATHS = NO;
				CLANG_ANALYZER_NONNULL = YES;
				CLANG_ANALYZER_NUMBER_OBJECT_CONVERSION = YES_AGGRESSIVE;
				CLANG_CXX_LANGUAGE_STANDARD = "gnu++14";
				CLANG_CXX_LIBRARY = "libc++";
				CLANG_ENABLE_MODULES = YES;
				CLANG_ENABLE_OBJC_ARC = YES;
				CLANG_ENABLE_OBJC_WEAK = YES;
				CLANG_WARN_BLOCK_CAPTURE_AUTORELEASING = YES;
				CLANG_WARN_BOOL_CONVERSION = YES;
				CLANG_WARN_COMMA = YES;
				CLANG_WARN_CONSTANT_CONVERSION = YES;
				CLANG_WARN_DEPRECATED_OBJC_IMPLEMENTATIONS = YES;
				CLANG_WARN_DIRECT_OBJC_ISA_USAGE = YES_ERROR;
				CLANG_WARN_DOCUMENTATION_COMMENTS = YES;
				CLANG_WARN_EMPTY_BODY = YES;
				CLANG_WARN_ENUM_CONVERSION = YES;
				CLANG_WARN_INFINITE_RECURSION = YES;
				CLANG_WARN_INT_CONVERSION = YES;
				CLANG_WARN_NON_LITERAL_NULL_CONVERSION = YES;
				CLANG_WARN_OBJC_IMPLICIT_RETAIN_SELF = YES;
				CLANG_WARN_OBJC_LITERAL_CONVERSION = YES;
				CLANG_WARN_OBJC_ROOT_CLASS = YES_ERROR;
				CLANG_WARN_QUOTED_INCLUDE_IN_FRAMEWORK_HEADER = YES;
				CLANG_WARN_RANGE_LOOP_ANALYSIS = YES;
				CLANG_WARN_STRICT_PROTOTYPES = YES;
				CLANG_WARN_SUSPICIOUS_MOVE = YES;
				CLANG_WARN_UNGUARDED_AVAILABILITY = YES_AGGRESSIVE;
				CLANG_WARN_UNREACHABLE_CODE = YES;
				CLANG_WARN__DUPLICATE_METHOD_MATCH = YES;
				COPY_PHASE_STRIP = NO;
				DEBUG_INFORMATION_FORMAT = dwarf;
				ENABLE_STRICT_OBJC_MSGSEND = YES;
				ENABLE_TESTABILITY = YES;
				GCC_C_LANGUAGE_STANDARD = gnu11;
				GCC_DYNAMIC_NO_PIC = NO;
				GCC_NO_COMMON_BLOCKS = YES;
				GCC_OPTIMIZATION_LEVEL = 0;
				GCC_PREPROCESSOR_DEFINITIONS = (
					"DEBUG=1",
					"$(inherited)",
				);
				GCC_WARN_64_TO_32_BIT_CONVERSION = YES;
				GCC_WARN_ABOUT_RETURN_TYPE = YES_ERROR;
				GCC_WARN_UNDECLARED_SELECTOR = YES;
				GCC_WARN_UNINITIALIZED_AUTOS = YES_AGGRESSIVE;
				GCC_WARN_UNUSED_FUNCTION = YES;
				GCC_WARN_UNUSED_VARIABLE = YES;
				MTL_ENABLE_DEBUG_INFO = INCLUDE_SOURCE;
				MTL_FAST_MATH = YES;
				ONLY_ACTIVE_ARCH = YES;
				SWIFT_ACTIVE_COMPILATION_CONDITIONS = DEBUG;
				SWIFT_OPTIMIZATION_LEVEL = "-Onone";
			};
			name = Debug;
		};
		0A840EDF25BC119B00FF9322 /* Release */ = {
			isa = XCBuildConfiguration;
			buildSettings = {
				ALWAYS_SEARCH_USER_PATHS = NO;
				CLANG_ANALYZER_NONNULL = YES;
				CLANG_ANALYZER_NUMBER_OBJECT_CONVERSION = YES_AGGRESSIVE;
				CLANG_CXX_LANGUAGE_STANDARD = "gnu++14";
				CLANG_CXX_LIBRARY = "libc++";
				CLANG_ENABLE_MODULES = YES;
				CLANG_ENABLE_OBJC_ARC = YES;
				CLANG_ENABLE_OBJC_WEAK = YES;
				CLANG_WARN_BLOCK_CAPTURE_AUTORELEASING = YES;
				CLANG_WARN_BOOL_CONVERSION = YES;
				CLANG_WARN_COMMA = YES;
				CLANG_WARN_CONSTANT_CONVERSION = YES;
				CLANG_WARN_DEPRECATED_OBJC_IMPLEMENTATIONS = YES;
				CLANG_WARN_DIRECT_OBJC_ISA_USAGE = YES_ERROR;
				CLANG_WARN_DOCUMENTATION_COMMENTS = YES;
				CLANG_WARN_EMPTY_BODY = YES;
				CLANG_WARN_ENUM_CONVERSION = YES;
				CLANG_WARN_INFINITE_RECURSION = YES;
				CLANG_WARN_INT_CONVERSION = YES;
				CLANG_WARN_NON_LITERAL_NULL_CONVERSION = YES;
				CLANG_WARN_OBJC_IMPLICIT_RETAIN_SELF = YES;
				CLANG_WARN_OBJC_LITERAL_CONVERSION = YES;
				CLANG_WARN_OBJC_ROOT_CLASS = YES_ERROR;
				CLANG_WARN_QUOTED_INCLUDE_IN_FRAMEWORK_HEADER = YES;
				CLANG_WARN_RANGE_LOOP_ANALYSIS = YES;
				CLANG_WARN_STRICT_PROTOTYPES = YES;
				CLANG_WARN_SUSPICIOUS_MOVE = YES;
				CLANG_WARN_UNGUARDED_AVAILABILITY = YES_AGGRESSIVE;
				CLANG_WARN_UNREACHABLE_CODE = YES;
				CLANG_WARN__DUPLICATE_METHOD_MATCH = YES;
				COPY_PHASE_STRIP = NO;
				DEBUG_INFORMATION_FORMAT = "dwarf-with-dsym";
				ENABLE_NS_ASSERTIONS = NO;
				ENABLE_STRICT_OBJC_MSGSEND = YES;
				GCC_C_LANGUAGE_STANDARD = gnu11;
				GCC_NO_COMMON_BLOCKS = YES;
				GCC_WARN_64_TO_32_BIT_CONVERSION = YES;
				GCC_WARN_ABOUT_RETURN_TYPE = YES_ERROR;
				GCC_WARN_UNDECLARED_SELECTOR = YES;
				GCC_WARN_UNINITIALIZED_AUTOS = YES_AGGRESSIVE;
				GCC_WARN_UNUSED_FUNCTION = YES;
				GCC_WARN_UNUSED_VARIABLE = YES;
				MTL_ENABLE_DEBUG_INFO = NO;
				MTL_FAST_MATH = YES;
				SWIFT_COMPILATION_MODE = wholemodule;
				SWIFT_OPTIMIZATION_LEVEL = "-O";
			};
			name = Release;
		};
		0A840EE125BC119B00FF9322 /* Debug */ = {
			isa = XCBuildConfiguration;
			buildSettings = {
				ALWAYS_EMBED_SWIFT_STANDARD_LIBRARIES = YES;
				ASSETCATALOG_COMPILER_APPICON_NAME = AppIcon;
				ASSETCATALOG_COMPILER_GLOBAL_ACCENT_COLOR_NAME = AccentColor;
				CODE_SIGN_STYLE = Automatic;
				DEVELOPMENT_TEAM = D638RKMLF5;
				ENABLE_PREVIEWS = YES;
				INFOPLIST_FILE = iOS/Info.plist;
				IPHONEOS_DEPLOYMENT_TARGET = 14.0;
				LD_RUNPATH_SEARCH_PATHS = (
					"$(inherited)",
					"@executable_path/Frameworks",
				);
				PRODUCT_BUNDLE_IDENTIFIER = jack.MyApp;
				PRODUCT_NAME = MyApp;
				SDKROOT = iphoneos;
				SWIFT_VERSION = 5.0;
				TARGETED_DEVICE_FAMILY = "1,2";
			};
			name = Debug;
		};
		0A840EE225BC119B00FF9322 /* Release */ = {
			isa = XCBuildConfiguration;
			buildSettings = {
				ALWAYS_EMBED_SWIFT_STANDARD_LIBRARIES = YES;
				ASSETCATALOG_COMPILER_APPICON_NAME = AppIcon;
				ASSETCATALOG_COMPILER_GLOBAL_ACCENT_COLOR_NAME = AccentColor;
				CODE_SIGN_STYLE = Automatic;
				DEVELOPMENT_TEAM = D638RKMLF5;
				ENABLE_PREVIEWS = YES;
				INFOPLIST_FILE = iOS/Info.plist;
				IPHONEOS_DEPLOYMENT_TARGET = 14.0;
				LD_RUNPATH_SEARCH_PATHS = (
					"$(inherited)",
					"@executable_path/Frameworks",
				);
				PRODUCT_BUNDLE_IDENTIFIER = jack.MyApp;
				PRODUCT_NAME = MyApp;
				SDKROOT = iphoneos;
				SWIFT_VERSION = 5.0;
				TARGETED_DEVICE_FAMILY = "1,2";
				VALIDATE_PRODUCT = YES;
			};
			name = Release;
		};
		0A840EE425BC119B00FF9322 /* Debug */ = {
			isa = XCBuildConfiguration;
			buildSettings = {
				ASSETCATALOG_COMPILER_APPICON_NAME = AppIcon;
				ASSETCATALOG_COMPILER_GLOBAL_ACCENT_COLOR_NAME = AccentColor;
				CODE_SIGN_ENTITLEMENTS = macOS/macOS.entitlements;
				CODE_SIGN_STYLE = Automatic;
				COMBINE_HIDPI_IMAGES = YES;
				DEVELOPMENT_TEAM = D638RKMLF5;
				ENABLE_HARDENED_RUNTIME = YES;
				ENABLE_PREVIEWS = YES;
				INFOPLIST_FILE = macOS/Info.plist;
				LD_RUNPATH_SEARCH_PATHS = (
					"$(inherited)",
					"@executable_path/../Frameworks",
				);
				MACOSX_DEPLOYMENT_TARGET = 11.0;
				PRODUCT_BUNDLE_IDENTIFIER = jack.MyApp;
				PRODUCT_NAME = MyApp;
				SDKROOT = macosx;
				SWIFT_VERSION = 5.0;
			};
			name = Debug;
		};
		0A840EE525BC119B00FF9322 /* Release */ = {
			isa = XCBuildConfiguration;
			buildSettings = {
				ASSETCATALOG_COMPILER_APPICON_NAME = AppIcon;
				ASSETCATALOG_COMPILER_GLOBAL_ACCENT_COLOR_NAME = AccentColor;
				CODE_SIGN_ENTITLEMENTS = macOS/macOS.entitlements;
				CODE_SIGN_STYLE = Automatic;
				COMBINE_HIDPI_IMAGES = YES;
				DEVELOPMENT_TEAM = D638RKMLF5;
				ENABLE_HARDENED_RUNTIME = YES;
				ENABLE_PREVIEWS = YES;
				INFOPLIST_FILE = macOS/Info.plist;
				LD_RUNPATH_SEARCH_PATHS = (
					"$(inherited)",
					"@executable_path/../Frameworks",
				);
				MACOSX_DEPLOYMENT_TARGET = 11.0;
				PRODUCT_BUNDLE_IDENTIFIER = jack.MyApp;
				PRODUCT_NAME = MyApp;
				SDKROOT = macosx;
				SWIFT_VERSION = 5.0;
			};
			name = Release;
		};
		0A840EE725BC119B00FF9322 /* Debug */ = {
			isa = XCBuildConfiguration;
			buildSettings = {
				ALWAYS_EMBED_SWIFT_STANDARD_LIBRARIES = YES;
				CODE_SIGN_STYLE = Automatic;
				DEVELOPMENT_TEAM = D638RKMLF5;
				INFOPLIST_FILE = "Tests iOS/Info.plist";
				IPHONEOS_DEPLOYMENT_TARGET = 14.3;
				LD_RUNPATH_SEARCH_PATHS = (
					"$(inherited)",
					"@executable_path/Frameworks",
					"@loader_path/Frameworks",
				);
				PRODUCT_BUNDLE_IDENTIFIER = "jack.Tests-iOS";
				PRODUCT_NAME = "$(TARGET_NAME)";
				SDKROOT = iphoneos;
				SWIFT_VERSION = 5.0;
				TARGETED_DEVICE_FAMILY = "1,2";
				TEST_TARGET_NAME = "MyApp (iOS)";
			};
			name = Debug;
		};
		0A840EE825BC119B00FF9322 /* Release */ = {
			isa = XCBuildConfiguration;
			buildSettings = {
				ALWAYS_EMBED_SWIFT_STANDARD_LIBRARIES = YES;
				CODE_SIGN_STYLE = Automatic;
				DEVELOPMENT_TEAM = D638RKMLF5;
				INFOPLIST_FILE = "Tests iOS/Info.plist";
				IPHONEOS_DEPLOYMENT_TARGET = 14.3;
				LD_RUNPATH_SEARCH_PATHS = (
					"$(inherited)",
					"@executable_path/Frameworks",
					"@loader_path/Frameworks",
				);
				PRODUCT_BUNDLE_IDENTIFIER = "jack.Tests-iOS";
				PRODUCT_NAME = "$(TARGET_NAME)";
				SDKROOT = iphoneos;
				SWIFT_VERSION = 5.0;
				TARGETED_DEVICE_FAMILY = "1,2";
				TEST_TARGET_NAME = "MyApp (iOS)";
				VALIDATE_PRODUCT = YES;
			};
			name = Release;
		};
		0A840EEA25BC119B00FF9322 /* Debug */ = {
			isa = XCBuildConfiguration;
			buildSettings = {
				ALWAYS_EMBED_SWIFT_STANDARD_LIBRARIES = YES;
				CODE_SIGN_STYLE = Automatic;
				COMBINE_HIDPI_IMAGES = YES;
				DEVELOPMENT_TEAM = D638RKMLF5;
				INFOPLIST_FILE = "Tests macOS/Info.plist";
				LD_RUNPATH_SEARCH_PATHS = (
					"$(inherited)",
					"@executable_path/../Frameworks",
					"@loader_path/../Frameworks",
				);
				MACOSX_DEPLOYMENT_TARGET = 11.1;
				PRODUCT_BUNDLE_IDENTIFIER = "jack.Tests-macOS";
				PRODUCT_NAME = "$(TARGET_NAME)";
				SDKROOT = macosx;
				SWIFT_VERSION = 5.0;
				TEST_TARGET_NAME = "MyApp (macOS)";
			};
			name = Debug;
		};
		0A840EEB25BC119B00FF9322 /* Release */ = {
			isa = XCBuildConfiguration;
			buildSettings = {
				ALWAYS_EMBED_SWIFT_STANDARD_LIBRARIES = YES;
				CODE_SIGN_STYLE = Automatic;
				COMBINE_HIDPI_IMAGES = YES;
				DEVELOPMENT_TEAM = D638RKMLF5;
				INFOPLIST_FILE = "Tests macOS/Info.plist";
				LD_RUNPATH_SEARCH_PATHS = (
					"$(inherited)",
					"@executable_path/../Frameworks",
					"@loader_path/../Frameworks",
				);
				MACOSX_DEPLOYMENT_TARGET = 11.1;
				PRODUCT_BUNDLE_IDENTIFIER = "jack.Tests-macOS";
				PRODUCT_NAME = "$(TARGET_NAME)";
				SDKROOT = macosx;
				SWIFT_VERSION = 5.0;
				TEST_TARGET_NAME = "MyApp (macOS)";
			};
			name = Release;
		};
/* End XCBuildConfiguration section */

/* Begin XCConfigurationList section */
		0A5CF2C425E615E200523990 /* Build configuration list for PBXNativeTarget "MyWidgetExtension" */ = {
			isa = XCConfigurationList;
			buildConfigurations = (
				0A5CF2C225E615E200523990 /* Debug */,
				0A5CF2C325E615E200523990 /* Release */,
			);
			defaultConfigurationIsVisible = 0;
			defaultConfigurationName = Release;
		};
		0A840EAD25BC119B00FF9322 /* Build configuration list for PBXProject "MyApp" */ = {
			isa = XCConfigurationList;
			buildConfigurations = (
				0A840EDE25BC119B00FF9322 /* Debug */,
				0A840EDF25BC119B00FF9322 /* Release */,
			);
			defaultConfigurationIsVisible = 0;
			defaultConfigurationName = Release;
		};
		0A840EE025BC119B00FF9322 /* Build configuration list for PBXNativeTarget "MyApp (iOS)" */ = {
			isa = XCConfigurationList;
			buildConfigurations = (
				0A840EE125BC119B00FF9322 /* Debug */,
				0A840EE225BC119B00FF9322 /* Release */,
			);
			defaultConfigurationIsVisible = 0;
			defaultConfigurationName = Release;
		};
		0A840EE325BC119B00FF9322 /* Build configuration list for PBXNativeTarget "MyApp (macOS)" */ = {
			isa = XCConfigurationList;
			buildConfigurations = (
				0A840EE425BC119B00FF9322 /* Debug */,
				0A840EE525BC119B00FF9322 /* Release */,
			);
			defaultConfigurationIsVisible = 0;
			defaultConfigurationName = Release;
		};
		0A840EE625BC119B00FF9322 /* Build configuration list for PBXNativeTarget "Tests iOS" */ = {
			isa = XCConfigurationList;
			buildConfigurations = (
				0A840EE725BC119B00FF9322 /* Debug */,
				0A840EE825BC119B00FF9322 /* Release */,
			);
			defaultConfigurationIsVisible = 0;
			defaultConfigurationName = Release;
		};
		0A840EE925BC119B00FF9322 /* Build configuration list for PBXNativeTarget "Tests macOS" */ = {
			isa = XCConfigurationList;
			buildConfigurations = (
				0A840EEA25BC119B00FF9322 /* Debug */,
				0A840EEB25BC119B00FF9322 /* Release */,
			);
			defaultConfigurationIsVisible = 0;
			defaultConfigurationName = Release;
		};
/* End XCConfigurationList section */
	};
	rootObject = 0A840EAA25BC119B00FF9322 /* Project object */;
}
